
Microsoft Visual Studio Solution File, Format Version 12.00
# Visual Studio Version 16
VisualStudioVersion = 16.0.30204.135
MinimumVisualStudioVersion = 10.0.40219.1
Project("{FAE04EC0-301F-11D3-BF4B-00C04F79EFBC}") = "PMC_Web_Forms", "PMC_Web_Forms.csproj", "{87EF04F8-A162-45B5-BF4D-42303E047C60}"
EndProject
Global
	GlobalSection(SolutionConfigurationPlatforms) = preSolution
		Debug|Any CPU = Debug|Any CPU
		Release|Any CPU = Release|Any CPU
	EndGlobalSection
	GlobalSection(ProjectConfigurationPlatforms) = postSolution
		{87EF04F8-A162-45B5-BF4D-42303E047C60}.Debug|Any CPU.ActiveCfg = Debug|Any CPU
		{87EF04F8-A162-45B5-BF4D-42303E047C60}.Debug|Any CPU.Build.0 = Debug|Any CPU
		{87EF04F8-A162-45B5-BF4D-42303E047C60}.Release|Any CPU.ActiveCfg = Release|Any CPU
		{87EF04F8-A162-45B5-BF4D-42303E047C60}.Release|Any CPU.Build.0 = Release|Any CPU
	EndGlobalSection
	GlobalSection(SolutionProperties) = preSolution
		HideSolutionNode = FALSE
	EndGlobalSection
	GlobalSection(ExtensibilityGlobals) = postSolution
		SolutionGuid = {F40A11C3-A1F5-4B0A-8A47-613716865EF1}
	EndGlobalSection
EndGlobal
